cj.rs/gohugo-asciinema v0.0.0-20250109200220-62ae85f65983 h1:+Sjmbo2kTPQFp5qApNijr0hD4MT/nzql3RMML4ySFu4=
cj.rs/gohugo-asciinema v0.0.0-20250109200220-62ae85f65983/go.mod h1:LOi9TNDxS4FX8P9N0PzCrqwvnksxP++9dsYbyNL0Fus=
github.com/hugomods/images v0.11.2 h1:d7u3c/ePboeOGx8OI5eUnilpA79YvD7KJjUgqVMR83Y=
github.com/hugomods/images v0.11.2/go.mod h1:U6Gwj16LKvk66rOMyGFrnF6f0aV8lT89lqOsckOAjYY=
